
Microsoft Visual Studio Solution File, Format Version 12.00
# Visual Studio Version 17
VisualStudioVersion = 17.9.34723.18
MinimumVisualStudioVersion = 10.0.40219.1
Project("{FAE04EC0-301F-11D3-BF4B-00C04F79EFBC}") = "Ejercicio_3", "Ejercicio_3\Ejercicio_3.csproj", "{BF77FF91-C326-4914-BBF6-4ACD9A0758C9}"
EndProject
Global
	GlobalSection(SolutionConfigurationPlatforms) = preSolution
		Debug|Any CPU = Debug|Any CPU
		Release|Any CPU = Release|Any CPU
	EndGlobalSection
	GlobalSection(ProjectConfigurationPlatforms) = postSolution
		{BF77FF91-C326-4914-BBF6-4ACD9A0758C9}.Debug|Any CPU.ActiveCfg = Debug|Any CPU
		{BF77FF91-C326-4914-BBF6-4ACD9A0758C9}.Debug|Any CPU.Build.0 = Debug|Any CPU
		{BF77FF91-C326-4914-BBF6-4ACD9A0758C9}.Release|Any CPU.ActiveCfg = Release|Any CPU
		{BF77FF91-C326-4914-BBF6-4ACD9A0758C9}.Release|Any CPU.Build.0 = Release|Any CPU
	EndGlobalSection
	GlobalSection(SolutionProperties) = preSolution
		HideSolutionNode = FALSE
	EndGlobalSection
	GlobalSection(ExtensibilityGlobals) = postSolution
		SolutionGuid = {91893308-D34E-4442-8022-520E8A46FB23}
	EndGlobalSection
EndGlobal
