
Microsoft Visual Studio Solution File, Format Version 12.00
# Visual Studio Version 17
VisualStudioVersion = 17.9.34723.18
MinimumVisualStudioVersion = 10.0.40219.1
Project("{FAE04EC0-301F-11D3-BF4B-00C04F79EFBC}") = "Ejercicio_8", "Ejercicio_8\Ejercicio_8.csproj", "{368E4055-DE0A-4A60-AE67-32E8ECF1C3DB}"
EndProject
Global
	GlobalSection(SolutionConfigurationPlatforms) = preSolution
		Debug|Any CPU = Debug|Any CPU
		Release|Any CPU = Release|Any CPU
	EndGlobalSection
	GlobalSection(ProjectConfigurationPlatforms) = postSolution
		{368E4055-DE0A-4A60-AE67-32E8ECF1C3DB}.Debug|Any CPU.ActiveCfg = Debug|Any CPU
		{368E4055-DE0A-4A60-AE67-32E8ECF1C3DB}.Debug|Any CPU.Build.0 = Debug|Any CPU
		{368E4055-DE0A-4A60-AE67-32E8ECF1C3DB}.Release|Any CPU.ActiveCfg = Release|Any CPU
		{368E4055-DE0A-4A60-AE67-32E8ECF1C3DB}.Release|Any CPU.Build.0 = Release|Any CPU
	EndGlobalSection
	GlobalSection(SolutionProperties) = preSolution
		HideSolutionNode = FALSE
	EndGlobalSection
	GlobalSection(ExtensibilityGlobals) = postSolution
		SolutionGuid = {38426DAD-8144-49DE-92B8-13E0A53909F6}
	EndGlobalSection
EndGlobal
